
Microsoft Visual Studio Solution File, Format Version 12.00
Project("{FAE04EC0-301F-11D3-BF4B-00C04F79EFBC}") = "HouseScout", "HouseScout.csproj", "{ABBCADE6-F502-4678-BB36-CBF793FB8620}"
EndProject
Global
	GlobalSection(SolutionConfigurationPlatforms) = preSolution
		Debug|Any CPU = Debug|Any CPU
		Release|Any CPU = Release|Any CPU
	EndGlobalSection
	GlobalSection(ProjectConfigurationPlatforms) = postSolution
		{ABBCADE6-F502-4678-BB36-CBF793FB8620}.Debug|Any CPU.ActiveCfg = Debug|Any CPU
		{ABBCADE6-F502-4678-BB36-CBF793FB8620}.Debug|Any CPU.Build.0 = Debug|Any CPU
		{ABBCADE6-F502-4678-BB36-CBF793FB8620}.Release|Any CPU.ActiveCfg = Release|Any CPU
		{ABBCADE6-F502-4678-BB36-CBF793FB8620}.Release|Any CPU.Build.0 = Release|Any CPU
	EndGlobalSection
EndGlobal
